
Microsoft Visual Studio Solution File, Format Version 12.00
# Visual Studio Version 16
VisualStudioVersion = 16.0.30717.126
MinimumVisualStudioVersion = 10.0.40219.1
Project("{FAE04EC0-301F-11D3-BF4B-00C04F79EFBC}") = "Reader", "Reader.csproj", "{905A1AAB-69E8-425C-BE7C-3A80266F2588}"
EndProject
Global
	GlobalSection(SolutionConfigurationPlatforms) = preSolution
		Debug|Any CPU = Debug|Any CPU
		Release|Any CPU = Release|Any CPU
	EndGlobalSection
	GlobalSection(ProjectConfigurationPlatforms) = postSolution
		{905A1AAB-69E8-425C-BE7C-3A80266F2588}.Debug|Any CPU.ActiveCfg = Debug|Any CPU
		{905A1AAB-69E8-425C-BE7C-3A80266F2588}.Debug|Any CPU.Build.0 = Debug|Any CPU
		{905A1AAB-69E8-425C-BE7C-3A80266F2588}.Release|Any CPU.ActiveCfg = Release|Any CPU
		{905A1AAB-69E8-425C-BE7C-3A80266F2588}.Release|Any CPU.Build.0 = Release|Any CPU
	EndGlobalSection
	GlobalSection(SolutionProperties) = preSolution
		HideSolutionNode = FALSE
	EndGlobalSection
	GlobalSection(ExtensibilityGlobals) = postSolution
		SolutionGuid = {30FA533D-FAA7-45DB-BFAC-2D0E00F335D5}
	EndGlobalSection
EndGlobal
